
Microsoft Visual Studio Solution File, Format Version 12.00
# Visual Studio Version 17
VisualStudioVersion = 17.7.34009.444
MinimumVisualStudioVersion = 10.0.40219.1
Project("{FAE04EC0-301F-11D3-BF4B-00C04F79EFBC}") = "LottpAPI", "LottpAPI\LottpAPI.csproj", "{8D394E36-5DD6-4383-9CFF-D78A6229315E}"
EndProject
Project("{FAE04EC0-301F-11D3-BF4B-00C04F79EFBC}") = "LottoAdat", "LottoAdat\LottoAdat.csproj", "{C6CA5B73-5524-42D2-BE03-5CB95CCAA9F2}"
EndProject
Project("{FAE04EC0-301F-11D3-BF4B-00C04F79EFBC}") = "LottoFirstConfig", "LottoFirstConfig\LottoFirstConfig.csproj", "{9822930F-A808-4212-AEB5-A89AD0366A21}"
EndProject
Project("{FAE04EC0-301F-11D3-BF4B-00C04F79EFBC}") = "LottoSimulation", "LottoSimulation\LottoSimulation.csproj", "{900B1337-A8FF-4863-9AC8-99B8D4CA1D22}"
EndProject
Global
	GlobalSection(SolutionConfigurationPlatforms) = preSolution
		Debug|Any CPU = Debug|Any CPU
		Release|Any CPU = Release|Any CPU
	EndGlobalSection
	GlobalSection(ProjectConfigurationPlatforms) = postSolution
		{8D394E36-5DD6-4383-9CFF-D78A6229315E}.Debug|Any CPU.ActiveCfg = Debug|Any CPU
		{8D394E36-5DD6-4383-9CFF-D78A6229315E}.Debug|Any CPU.Build.0 = Debug|Any CPU
		{8D394E36-5DD6-4383-9CFF-D78A6229315E}.Release|Any CPU.ActiveCfg = Release|Any CPU
		{8D394E36-5DD6-4383-9CFF-D78A6229315E}.Release|Any CPU.Build.0 = Release|Any CPU
		{C6CA5B73-5524-42D2-BE03-5CB95CCAA9F2}.Debug|Any CPU.ActiveCfg = Debug|Any CPU
		{C6CA5B73-5524-42D2-BE03-5CB95CCAA9F2}.Debug|Any CPU.Build.0 = Debug|Any CPU
		{C6CA5B73-5524-42D2-BE03-5CB95CCAA9F2}.Release|Any CPU.ActiveCfg = Release|Any CPU
		{C6CA5B73-5524-42D2-BE03-5CB95CCAA9F2}.Release|Any CPU.Build.0 = Release|Any CPU
		{9822930F-A808-4212-AEB5-A89AD0366A21}.Debug|Any CPU.ActiveCfg = Debug|Any CPU
		{9822930F-A808-4212-AEB5-A89AD0366A21}.Debug|Any CPU.Build.0 = Debug|Any CPU
		{9822930F-A808-4212-AEB5-A89AD0366A21}.Release|Any CPU.ActiveCfg = Release|Any CPU
		{9822930F-A808-4212-AEB5-A89AD0366A21}.Release|Any CPU.Build.0 = Release|Any CPU
		{900B1337-A8FF-4863-9AC8-99B8D4CA1D22}.Debug|Any CPU.ActiveCfg = Debug|Any CPU
		{900B1337-A8FF-4863-9AC8-99B8D4CA1D22}.Debug|Any CPU.Build.0 = Debug|Any CPU
		{900B1337-A8FF-4863-9AC8-99B8D4CA1D22}.Release|Any CPU.ActiveCfg = Release|Any CPU
		{900B1337-A8FF-4863-9AC8-99B8D4CA1D22}.Release|Any CPU.Build.0 = Release|Any CPU
	EndGlobalSection
	GlobalSection(SolutionProperties) = preSolution
		HideSolutionNode = FALSE
	EndGlobalSection
	GlobalSection(ExtensibilityGlobals) = postSolution
		SolutionGuid = {81446AE3-38E3-4337-86A6-41472167EDE8}
	EndGlobalSection
EndGlobal
